// !$*UTF8*$!
{
	archiveVersion = 1;
	classes = {
	};
	objectVersion = 46;
	objects = {

/* Begin PBXBuildFile section */
		46BE08841EE923440061A8BB /* AppDelegate.swift in Sources */ = {isa = PBXBuildFile; fileRef = 46BE08831EE923440061A8BB /* AppDelegate.swift */; };
		46BE08861EE923440061A8BB /* ViewController.swift in Sources */ = {isa = PBXBuildFile; fileRef = 46BE08851EE923440061A8BB /* ViewController.swift */; };
		46BE08891EE923440061A8BB /* Main.storyboard in Resources */ = {isa = PBXBuildFile; fileRef = 46BE08871EE923440061A8BB /* Main.storyboard */; };
		46BE088B1EE923440061A8BB /* Assets.xcassets in Resources */ = {isa = PBXBuildFile; fileRef = 46BE088A1EE923440061A8BB /* Assets.xcassets */; };
		46BE088E1EE923440061A8BB /* LaunchScreen.storyboard in Resources */ = {isa = PBXBuildFile; fileRef = 46BE088C1EE923440061A8BB /* LaunchScreen.storyboard */; };
		46BE08991EE923440061A8BB /* MakestagramTests.swift in Sources */ = {isa = PBXBuildFile; fileRef = 46BE08981EE923440061A8BB /* MakestagramTests.swift */; };
		46BE08A41EE923440061A8BB /* MakestagramUITests.swift in Sources */ = {isa = PBXBuildFile; fileRef = 46BE08A31EE923440061A8BB /* MakestagramUITests.swift */; };
/* End PBXBuildFile section */

/* Begin PBXContainerItemProxy section */
		46BE08951EE923440061A8BB /* PBXContainerItemProxy */ = {
			isa = PBXContainerItemProxy;
			containerPortal = 46BE08781EE923440061A8BB /* Project object */;
			proxyType = 1;
			remoteGlobalIDString = 46BE087F1EE923440061A8BB;
			remoteInfo = Makestagram;
		};
		46BE08A01EE923440061A8BB /* PBXContainerItemProxy */ = {
			isa = PBXContainerItemProxy;
			containerPortal = 46BE08781EE923440061A8BB /* Project object */;
			proxyType = 1;
			remoteGlobalIDString = 46BE087F1EE923440061A8BB;
			remoteInfo = Makestagram;
		};
/* End PBXContainerItemProxy section */

/* Begin PBXFileReference section */
		46BE08801EE923440061A8BB /* Makestagram.app */ = {isa = PBXFileReference; explicitFileType = wrapper.application; includeInIndex = 0; path = Makestagram.app; sourceTree = BUILT_PRODUCTS_DIR; };
		46BE08831EE923440061A8BB /* AppDelegate.swift */ = {isa = PBXFileReference; lastKnownFileType = sourcecode.swift; path = AppDelegate.swift; sourceTree = "<group>"; };
		46BE08851EE923440061A8BB /* ViewController.swift */ = {isa = PBXFileReference; lastKnownFileType = sourcecode.swift; path = ViewController.swift; sourceTree = "<group>"; };
		46BE08881EE923440061A8BB /* Base */ = {isa = PBXFileReference; lastKnownFileType = file.storyboard; name = Base; path = Base.lproj/Main.storyboard; sourceTree = "<group>"; };
		46BE088A1EE923440061A8BB /* Assets.xcassets */ = {isa = PBXFileReference; lastKnownFileType = folder.assetcatalog; path = Assets.xcassets; sourceTree = "<group>"; };
		46BE088D1EE923440061A8BB /* Base */ = {isa = PBXFileReference; lastKnownFileType = file.storyboard; name = Base; path = Base.lproj/LaunchScreen.storyboard; sourceTree = "<group>"; };
		46BE088F1EE923440061A8BB /* Info.plist */ = {isa = PBXFileReference; lastKnownFileType = text.plist.xml; path = Info.plist; sourceTree = "<group>"; };
		46BE08941EE923440061A8BB /* MakestagramTests.xctest */ = {isa = PBXFileReference; explicitFileType = wrapper.cfbundle; includeInIndex = 0; path = MakestagramTests.xctest; sourceTree = BUILT_PRODUCTS_DIR; };
		46BE08981EE923440061A8BB /* MakestagramTests.swift */ = {isa = PBXFileReference; lastKnownFileType = sourcecode.swift; path = MakestagramTests.swift; sourceTree = "<group>"; };
		46BE089A1EE923440061A8BB /* Info.plist */ = {isa = PBXFileReference; lastKnownFileType = text.plist.xml; path = Info.plist; sourceTree = "<group>"; };
		46BE089F1EE923440061A8BB /* MakestagramUITests.xctest */ = {isa = PBXFileReference; explicitFileType = wrapper.cfbundle; includeInIndex = 0; path = MakestagramUITests.xctest; sourceTree = BUILT_PRODUCTS_DIR; };
		46BE08A31EE923440061A8BB /* MakestagramUITests.swift */ = {isa = PBXFileReference; lastKnownFileType = sourcecode.swift; path = MakestagramUITests.swift; sourceTree = "<group>"; };
		46BE08A51EE923440061A8BB /* Info.plist */ = {isa = PBXFileReference; lastKnownFileType = text.plist.xml; path = Info.plist; sourceTree = "<group>"; };
/* End PBXFileReference section */

/* Begin PBXFrameworksBuildPhase section */
		46BE087D1EE923440061A8BB /* Frameworks */ = {
			isa = PBXFrameworksBuildPhase;
			buildActionMask = 2147483647;
			files = (
			);
			runOnlyForDeploymentPostprocessing = 0;
		};
		46BE08911EE923440061A8BB /* Frameworks */ = {
			isa = PBXFrameworksBuildPhase;
			buildActionMask = 2147483647;
			files = (
			);
			runOnlyForDeploymentPostprocessing = 0;
		};
		46BE089C1EE923440061A8BB /* Frameworks */ = {
			isa = PBXFrameworksBuildPhase;
			buildActionMask = 2147483647;
			files = (
			);
			runOnlyForDeploymentPostprocessing = 0;
		};
/* End PBXFrameworksBuildPhase section */

/* Begin PBXGroup section */
		46BE08771EE923440061A8BB = {
			isa = PBXGroup;
			children = (
				46BE08821EE923440061A8BB /* Makestagram */,
				46BE08971EE923440061A8BB /* MakestagramTests */,
				46BE08A21EE923440061A8BB /* MakestagramUITests */,
				46BE08811EE923440061A8BB /* Products */,
			);
			sourceTree = "<group>";
		};
		46BE08811EE923440061A8BB /* Products */ = {
			isa = PBXGroup;
			children = (
				46BE08801EE923440061A8BB /* Makestagram.app */,
				46BE08941EE923440061A8BB /* MakestagramTests.xctest */,
				46BE089F1EE923440061A8BB /* MakestagramUITests.xctest */,
			);
			name = Products;
			sourceTree = "<group>";
		};
		46BE08821EE923440061A8BB /* Makestagram */ = {
			isa = PBXGroup;
			children = (
				46BE08831EE923440061A8BB /* AppDelegate.swift */,
				46BE08851EE923440061A8BB /* ViewController.swift */,
				46BE08871EE923440061A8BB /* Main.storyboard */,
				46BE088A1EE923440061A8BB /* Assets.xcassets */,
				46BE088C1EE923440061A8BB /* LaunchScreen.storyboard */,
				46BE088F1EE923440061A8BB /* Info.plist */,
			);
			path = Makestagram;
			sourceTree = "<group>";
		};
		46BE08971EE923440061A8BB /* MakestagramTests */ = {
			isa = PBXGroup;
			children = (
				46BE08981EE923440061A8BB /* MakestagramTests.swift */,
				46BE089A1EE923440061A8BB /* Info.plist */,
			);
			path = MakestagramTests;
			sourceTree = "<group>";
		};
		46BE08A21EE923440061A8BB /* MakestagramUITests */ = {
			isa = PBXGroup;
			children = (
				46BE08A31EE923440061A8BB /* MakestagramUITests.swift */,
				46BE08A51EE923440061A8BB /* Info.plist */,
			);
			path = MakestagramUITests;
			sourceTree = "<group>";
		};
/* End PBXGroup section */

/* Begin PBXNativeTarget section */
		46BE087F1EE923440061A8BB /* Makestagram */ = {
			isa = PBXNativeTarget;
			buildConfigurationList = 46BE08A81EE923440061A8BB /* Build configuration list for PBXNativeTarget "Makestagram" */;
			buildPhases = (
				46BE087C1EE923440061A8BB /* Sources */,
				46BE087D1EE923440061A8BB /* Frameworks */,
				46BE087E1EE923440061A8BB /* Resources */,
			);
			buildRules = (
			);
			dependencies = (
			);
			name = Makestagram;
			productName = Makestagram;
			productReference = 46BE08801EE923440061A8BB /* Makestagram.app */;
			productType = "com.apple.product-type.application";
		};
		46BE08931EE923440061A8BB /* MakestagramTests */ = {
			isa = PBXNativeTarget;
			buildConfigurationList = 46BE08AB1EE923440061A8BB /* Build configuration list for PBXNativeTarget "MakestagramTests" */;
			buildPhases = (
				46BE08901EE923440061A8BB /* Sources */,
				46BE08911EE923440061A8BB /* Frameworks */,
				46BE08921EE923440061A8BB /* Resources */,
			);
			buildRules = (
			);
			dependencies = (
				46BE08961EE923440061A8BB /* PBXTargetDependency */,
			);
			name = MakestagramTests;
			productName = MakestagramTests;
			productReference = 46BE08941EE923440061A8BB /* MakestagramTests.xctest */;
			productType = "com.apple.product-type.bundle.unit-test";
		};
		46BE089E1EE923440061A8BB /* MakestagramUITests */ = {
			isa = PBXNativeTarget;
			buildConfigurationList = 46BE08AE1EE923440061A8BB /* Build configuration list for PBXNativeTarget "MakestagramUITests" */;
			buildPhases = (
				46BE089B1EE923440061A8BB /* Sources */,
				46BE089C1EE923440061A8BB /* Frameworks */,
				46BE089D1EE923440061A8BB /* Resources */,
			);
			buildRules = (
			);
			dependencies = (
				46BE08A11EE923440061A8BB /* PBXTargetDependency */,
			);
			name = MakestagramUITests;
			productName = MakestagramUITests;
			productReference = 46BE089F1EE923440061A8BB /* MakestagramUITests.xctest */;
			productType = "com.apple.product-type.bundle.ui-testing";
		};
/* End PBXNativeTarget section */

/* Begin PBXProject section */
		46BE08781EE923440061A8BB /* Project object */ = {
			isa = PBXProject;
			attributes = {
				LastSwiftUpdateCheck = 0830;
				LastUpgradeCheck = 0830;
				ORGANIZATIONNAME = "Youssef Elabd";
				TargetAttributes = {
					46BE087F1EE923440061A8BB = {
						CreatedOnToolsVersion = 8.3.3;
						ProvisioningStyle = Automatic;
					};
					46BE08931EE923440061A8BB = {
						CreatedOnToolsVersion = 8.3.3;
						ProvisioningStyle = Automatic;
						TestTargetID = 46BE087F1EE923440061A8BB;
					};
					46BE089E1EE923440061A8BB = {
						CreatedOnToolsVersion = 8.3.3;
						ProvisioningStyle = Automatic;
						TestTargetID = 46BE087F1EE923440061A8BB;
					};
				};
			};
			buildConfigurationList = 46BE087B1EE923440061A8BB /* Build configuration list for PBXProject "Makestagram" */;
			compatibilityVersion = "Xcode 3.2";
			developmentRegion = English;
			hasScannedForEncodings = 0;
			knownRegions = (
				en,
				Base,
			);
			mainGroup = 46BE08771EE923440061A8BB;
			productRefGroup = 46BE08811EE923440061A8BB /* Products */;
			projectDirPath = "";
			projectRoot = "";
			targets = (
				46BE087F1EE923440061A8BB /* Makestagram */,
				46BE08931EE923440061A8BB /* MakestagramTests */,
				46BE089E1EE923440061A8BB /* MakestagramUITests */,
			);
		};
/* End PBXProject section */

/* Begin PBXResourcesBuildPhase section */
		46BE087E1EE923440061A8BB /* Resources */ = {
			isa = PBXResourcesBuildPhase;
			buildActionMask = 2147483647;
			files = (
				46BE088E1EE923440061A8BB /* LaunchScreen.storyboard in Resources */,
				46BE088B1EE923440061A8BB /* Assets.xcassets in Resources */,
				46BE08891EE923440061A8BB /* Main.storyboard in Resources */,
			);
			runOnlyForDeploymentPostprocessing = 0;
		};
		46BE08921EE923440061A8BB /* Resources */ = {
			isa = PBXResourcesBuildPhase;
			buildActionMask = 2147483647;
			files = (
			);
			runOnlyForDeploymentPostprocessing = 0;
		};
		46BE089D1EE923440061A8BB /* Resources */ = {
			isa = PBXResourcesBuildPhase;
			buildActionMask = 2147483647;
			files = (
			);
			runOnlyForDeploymentPostprocessing = 0;
		};
/* End PBXResourcesBuildPhase section */

/* Begin PBXSourcesBuildPhase section */
		46BE087C1EE923440061A8BB /* Sources */ = {
			isa = PBXSourcesBuildPhase;
			buildActionMask = 2147483647;
			files = (
				46BE08861EE923440061A8BB /* ViewController.swift in Sources */,
				46BE08841EE923440061A8BB /* AppDelegate.swift in Sources */,
			);
			runOnlyForDeploymentPostprocessing = 0;
		};
		46BE08901EE923440061A8BB /* Sources */ = {
			isa = PBXSourcesBuildPhase;
			buildActionMask = 2147483647;
			files = (
				46BE08991EE923440061A8BB /* MakestagramTests.swift in Sources */,
			);
			runOnlyForDeploymentPostprocessing = 0;
		};
		46BE089B1EE923440061A8BB /* Sources */ = {
			isa = PBXSourcesBuildPhase;
			buildActionMask = 2147483647;
			files = (
				46BE08A41EE923440061A8BB /* MakestagramUITests.swift in Sources */,
			);
			runOnlyForDeploymentPostprocessing = 0;
		};
/* End PBXSourcesBuildPhase section */

/* Begin PBXTargetDependency section */
		46BE08961EE923440061A8BB /* PBXTargetDependency */ = {
			isa = PBXTargetDependency;
			target = 46BE087F1EE923440061A8BB /* Makestagram */;
			targetProxy = 46BE08951EE923440061A8BB /* PBXContainerItemProxy */;
		};
		46BE08A11EE923440061A8BB /* PBXTargetDependency */ = {
			isa = PBXTargetDependency;
			target = 46BE087F1EE923440061A8BB /* Makestagram */;
			targetProxy = 46BE08A01EE923440061A8BB /* PBXContainerItemProxy */;
		};
/* End PBXTargetDependency section */

/* Begin PBXVariantGroup section */
		46BE08871EE923440061A8BB /* Main.storyboard */ = {
			isa = PBXVariantGroup;
			children = (
				46BE08881EE923440061A8BB /* Base */,
			);
			name = Main.storyboard;
			sourceTree = "<group>";
		};
		46BE088C1EE923440061A8BB /* LaunchScreen.storyboard */ = {
			isa = PBXVariantGroup;
			children = (
				46BE088D1EE923440061A8BB /* Base */,
			);
			name = LaunchScreen.storyboard;
			sourceTree = "<group>";
		};
/* End PBXVariantGroup section */

/* Begin XCBuildConfiguration section */
		46BE08A61EE923440061A8BB /* Debug */ = {
			isa = XCBuildConfiguration;
			buildSettings = {
				ALWAYS_SEARCH_USER_PATHS = NO;
				CLANG_ANALYZER_NONNULL = YES;
				CLANG_ANALYZER_NUMBER_OBJECT_CONVERSION = YES_AGGRESSIVE;
				CLANG_CXX_LANGUAGE_STANDARD = "gnu++0x";
				CLANG_CXX_LIBRARY = "libc++";
				CLANG_ENABLE_MODULES = YES;
				CLANG_ENABLE_OBJC_ARC = YES;
				CLANG_WARN_BOOL_CONVERSION = YES;
				CLANG_WARN_CONSTANT_CONVERSION = YES;
				CLANG_WARN_DIRECT_OBJC_ISA_USAGE = YES_ERROR;
				CLANG_WARN_DOCUMENTATION_COMMENTS = YES;
				CLANG_WARN_EMPTY_BODY = YES;
				CLANG_WARN_ENUM_CONVERSION = YES;
				CLANG_WARN_INFINITE_RECURSION = YES;
				CLANG_WARN_INT_CONVERSION = YES;
				CLANG_WARN_OBJC_ROOT_CLASS = YES_ERROR;
				CLANG_WARN_SUSPICIOUS_MOVE = YES;
				CLANG_WARN_UNREACHABLE_CODE = YES;
				CLANG_WARN__DUPLICATE_METHOD_MATCH = YES;
				"CODE_SIGN_IDENTITY[sdk=iphoneos*]" = "iPhone Developer";
				COPY_PHASE_STRIP = NO;
				DEBUG_INFORMATION_FORMAT = dwarf;
				ENABLE_STRICT_OBJC_MSGSEND = YES;
				ENABLE_TESTABILITY = YES;
				GCC_C_LANGUAGE_STANDARD = gnu99;
				GCC_DYNAMIC_NO_PIC = NO;
				GCC_NO_COMMON_BLOCKS = YES;
				GCC_OPTIMIZATION_LEVEL = 0;
				GCC_PREPROCESSOR_DEFINITIONS = (
					"DEBUG=1",
					"$(inherited)",
				);
				GCC_WARN_64_TO_32_BIT_CONVERSION = YES;
				GCC_WARN_ABOUT_RETURN_TYPE = YES_ERROR;
				GCC_WARN_UNDECLARED_SELECTOR = YES;
				GCC_WARN_UNINITIALIZED_AUTOS = YES_AGGRESSIVE;
				GCC_WARN_UNUSED_FUNCTION = YES;
				GCC_WARN_UNUSED_VARIABLE = YES;
				IPHONEOS_DEPLOYMENT_TARGET = 10.3;
				MTL_ENABLE_DEBUG_INFO = YES;
				ONLY_ACTIVE_ARCH = YES;
				SDKROOT = iphoneos;
				SWIFT_ACTIVE_COMPILATION_CONDITIONS = DEBUG;
				SWIFT_OPTIMIZATION_LEVEL = "-Onone";
			};
			name = Debug;
		};
		46BE08A71EE923440061A8BB /* Release */ = {
			isa = XCBuildConfiguration;
			buildSettings = {
				ALWAYS_SEARCH_USER_PATHS = NO;
				CLANG_ANALYZER_NONNULL = YES;
				CLANG_ANALYZER_NUMBER_OBJECT_CONVERSION = YES_AGGRESSIVE;
				CLANG_CXX_LANGUAGE_STANDARD = "gnu++0x";
				CLANG_CXX_LIBRARY = "libc++";
				CLANG_ENABLE_MODULES = YES;
				CLANG_ENABLE_OBJC_ARC = YES;
				CLANG_WARN_BOOL_CONVERSION = YES;
				CLANG_WARN_CONSTANT_CONVERSION = YES;
				CLANG_WARN_DIRECT_OBJC_ISA_USAGE = YES_ERROR;
				CLANG_WARN_DOCUMENTATION_COMMENTS = YES;
				CLANG_WARN_EMPTY_BODY = YES;
				CLANG_WARN_ENUM_CONVERSION = YES;
				CLANG_WARN_INFINITE_RECURSION = YES;
				CLANG_WARN_INT_CONVERSION = YES;
				CLANG_WARN_OBJC_ROOT_CLASS = YES_ERROR;
				CLANG_WARN_SUSPICIOUS_MOVE = YES;
				CLANG_WARN_UNREACHABLE_CODE = YES;
				CLANG_WARN__DUPLICATE_METHOD_MATCH = YES;
				"CODE_SIGN_IDENTITY[sdk=iphoneos*]" = "iPhone Developer";
				COPY_PHASE_STRIP = NO;
				DEBUG_INFORMATION_FORMAT = "dwarf-with-dsym";
				ENABLE_NS_ASSERTIONS = NO;
				ENABLE_STRICT_OBJC_MSGSEND = YES;
				GCC_C_LANGUAGE_STANDARD = gnu99;
				GCC_NO_COMMON_BLOCKS = YES;
				GCC_WARN_64_TO_32_BIT_CONVERSION = YES;
				GCC_WARN_ABOUT_RETURN_TYPE = YES_ERROR;
				GCC_WARN_UNDECLARED_SELECTOR = YES;
				GCC_WARN_UNINITIALIZED_AUTOS = YES_AGGRESSIVE;
				GCC_WARN_UNUSED_FUNCTION = YES;
				GCC_WARN_UNUSED_VARIABLE = YES;
				IPHONEOS_DEPLOYMENT_TARGET = 10.3;
				MTL_ENABLE_DEBUG_INFO = NO;
				SDKROOT = iphoneos;
				SWIFT_OPTIMIZATION_LEVEL = "-Owholemodule";
				VALIDATE_PRODUCT = YES;
			};
			name = Release;
		};
		46BE08A91EE923440061A8BB /* Debug */ = {
			isa = XCBuildConfiguration;
			buildSettings = {
				ASSETCATALOG_COMPILER_APPICON_NAME = AppIcon;
				INFOPLIST_FILE = Makestagram/Info.plist;
				LD_RUNPATH_SEARCH_PATHS = "$(inherited) @executable_path/Frameworks";
				PRODUCT_BUNDLE_IDENTIFIER = com.youssefelabd.Makestagram;
				PRODUCT_NAME = "$(TARGET_NAME)";
				SWIFT_VERSION = 3.0;
			};
			name = Debug;
		};
		46BE08AA1EE923440061A8BB /* Release */ = {
			isa = XCBuildConfiguration;
			buildSettings = {
				ASSETCATALOG_COMPILER_APPICON_NAME = AppIcon;
				INFOPLIST_FILE = Makestagram/Info.plist;
				LD_RUNPATH_SEARCH_PATHS = "$(inherited) @executable_path/Frameworks";
				PRODUCT_BUNDLE_IDENTIFIER = com.youssefelabd.Makestagram;
				PRODUCT_NAME = "$(TARGET_NAME)";
				SWIFT_VERSION = 3.0;
			};
			name = Release;
		};
		46BE08AC1EE923440061A8BB /* Debug */ = {
			isa = XCBuildConfiguration;
			buildSettings = {
				ALWAYS_EMBED_SWIFT_STANDARD_LIBRARIES = YES;
				BUNDLE_LOADER = "$(TEST_HOST)";
				INFOPLIST_FILE = MakestagramTests/Info.plist;
				LD_RUNPATH_SEARCH_PATHS = "$(inherited) @executable_path/Frameworks @loader_path/Frameworks";
				PRODUCT_BUNDLE_IDENTIFIER = com.youssefelabd.MakestagramTests;
				PRODUCT_NAME = "$(TARGET_NAME)";
				SWIFT_VERSION = 3.0;
				TEST_HOST = "$(BUILT_PRODUCTS_DIR)/Makestagram.app/Makestagram";
			};
			name = Debug;
		};
		46BE08AD1EE923440061A8BB /* Release */ = {
			isa = XCBuildConfiguration;
			buildSettings = {
				ALWAYS_EMBED_SWIFT_STANDARD_LIBRARIES = YES;
				BUNDLE_LOADER = "$(TEST_HOST)";
				INFOPLIST_FILE = MakestagramTests/Info.plist;
				LD_RUNPATH_SEARCH_PATHS = "$(inherited) @executable_path/Frameworks @loader_path/Frameworks";
				PRODUCT_BUNDLE_IDENTIFIER = com.youssefelabd.MakestagramTests;
				PRODUCT_NAME = "$(TARGET_NAME)";
				SWIFT_VERSION = 3.0;
				TEST_HOST = "$(BUILT_PRODUCTS_DIR)/Makestagram.app/Makestagram";
			};
			name = Release;
		};
		46BE08AF1EE923440061A8BB /* Debug */ = {
			isa = XCBuildConfiguration;
			buildSettings = {
				ALWAYS_EMBED_SWIFT_STANDARD_LIBRARIES = YES;
				INFOPLIST_FILE = MakestagramUITests/Info.plist;
				LD_RUNPATH_SEARCH_PATHS = "$(inherited) @executable_path/Frameworks @loader_path/Frameworks";
				PRODUCT_BUNDLE_IDENTIFIER = com.youssefelabd.MakestagramUITests;
				PRODUCT_NAME = "$(TARGET_NAME)";
				SWIFT_VERSION = 3.0;
				TEST_TARGET_NAME = Makestagram;
			};
			name = Debug;
		};
		46BE08B01EE923440061A8BB /* Release */ = {
			isa = XCBuildConfiguration;
			buildSettings = {
				ALWAYS_EMBED_SWIFT_STANDARD_LIBRARIES = YES;
				INFOPLIST_FILE = MakestagramUITests/Info.plist;
				LD_RUNPATH_SEARCH_PATHS = "$(inherited) @executable_path/Frameworks @loader_path/Frameworks";
				PRODUCT_BUNDLE_IDENTIFIER = com.youssefelabd.MakestagramUITests;
				PRODUCT_NAME = "$(TARGET_NAME)";
				SWIFT_VERSION = 3.0;
				TEST_TARGET_NAME = Makestagram;
			};
			name = Release;
		};
/* End XCBuildConfiguration section */

/* Begin XCConfigurationList section */
		46BE087B1EE923440061A8BB /* Build configuration list for PBXProject "Makestagram" */ = {
			isa = XCConfigurationList;
			buildConfigurations = (
				46BE08A61EE923440061A8BB /* Debug */,
				46BE08A71EE923440061A8BB /* Release */,
			);
			defaultConfigurationIsVisible = 0;
			defaultConfigurationName = Release;
		};
		46BE08A81EE923440061A8BB /* Build configuration list for PBXNativeTarget "Makestagram" */ = {
			isa = XCConfigurationList;
			buildConfigurations = (
				46BE08A91EE923440061A8BB /* Debug */,
				46BE08AA1EE923440061A8BB /* Release */,
			);
			defaultConfigurationIsVisible = 0;
		};
		46BE08AB1EE923440061A8BB /* Build configuration list for PBXNativeTarget "MakestagramTests" */ = {
			isa = XCConfigurationList;
			buildConfigurations = (
				46BE08AC1EE923440061A8BB /* Debug */,
				46BE08AD1EE923440061A8BB /* Release */,
			);
			defaultConfigurationIsVisible = 0;
		};
		46BE08AE1EE923440061A8BB /* Build configuration list for PBXNativeTarget "MakestagramUITests" */ = {
			isa = XCConfigurationList;
			buildConfigurations = (
				46BE08AF1EE923440061A8BB /* Debug */,
				46BE08B01EE923440061A8BB /* Release */,
			);
			defaultConfigurationIsVisible = 0;
		};
/* End XCConfigurationList section */
	};
	rootObject = 46BE08781EE923440061A8BB /* Project object */;
}
